<?xml version="1.0" encoding="utf-8"?>
<Project ToolsVersion="4.0" xmlns="http://schemas.microsoft.com/developer/msbuild/2003">
  <ItemGroup>
    <Filter Include="Source Files">
      <UniqueIdentifier>{4FC737F1-C7A5-4376-A066-2A32D752A2FF}</UniqueIdentifier>
      <Extensions>cpp;c;cc;cxx;def;odl;idl;hpj;bat;asm;asmx</Extensions>
    </Filter>
    <Filter Include="Header Files">
      <UniqueIdentifier>{93995380-89BD-4b04-88EB-625FBE52EBFB}</UniqueIdentifier>
      <Extensions>h;hh;hpp;hxx;hm;inl;inc;ipp;xsd</Extensions>
    </Filter>
    <Filter Include="Resource Files">
      <UniqueIdentifier>{67DA6AB6-F800-4c08-8B7A-83BB121AAD01}</UniqueIdentifier>
      <Extensions>rc;ico;cur;bmp;dlg;rc2;rct;bin;rgs;gif;jpg;jpeg;jpe;resx;tiff;tif;png;wav;mfcribbon-ms</Extensions>
    </Filter>
  </ItemGroup>
  <ItemGroup>
    <ClCompile Include="src\analyzer\Semantic\expression\translate\register.cpp">
      <Filter>Source Files</Filter>
    </ClCompile>
    <ClCompile Include="src\analyzer\Semantic\expression\translate\translate_instruction.cpp">
      <Filter>Source Files</Filter>
    </ClCompile>
    <ClCompile Include="src\analyzer\Semantic\expression\translate\translate.cpp">
      <Filter>Source Files</Filter>
    </ClCompile>
    <ClCompile Include="src\analyzer\lib\common.cpp">
      <Filter>Source Files</Filter>
    </ClCompile>
    <ClCompile Include="src\analyzer\Semantic\expression\translate\translate_address.cpp">
      <Filter>Source Files</Filter>
    </ClCompile>
    <ClCompile Include="src\analyzer\Semantic\Symbol_Table\identifier.cpp">
      <Filter>Source Files</Filter>
    </ClCompile>
    <ClCompile Include="src\analyzer\Semantic\semantic_analyzer_decl_initialization.cpp">
      <Filter>Source Files</Filter>
    </ClCompile>
    <ClCompile Include="src\analyzer\Semantic\semantic_analyzer_decl.cpp">
      <Filter>Source Files</Filter>
    </ClCompile>
    <ClCompile Include="src\analyzer\Semantic\expression\IC.cpp">
      <Filter>Source Files</Filter>
    </ClCompile>
    <ClCompile Include="src\analyzer\Semantic\expression\semantic_analyzer_exp_arithmetic.cpp">
      <Filter>Source Files</Filter>
    </ClCompile>
    <ClCompile Include="src\analyzer\Semantic\constant\constant.cpp">
      <Filter>Source Files</Filter>
    </ClCompile>
    <ClCompile Include="src\analyzer\Semantic\expression\semantic_analyzer_exp_assignment.cpp">
      <Filter>Source Files</Filter>
    </ClCompile>
    <ClCompile Include="src\analyzer\Semantic\expression\syntax_tree_exp.cpp">
      <Filter>Source Files</Filter>
    </ClCompile>
    <ClCompile Include="src\analyzer\Semantic\expression\semantic_analyzer_exp_address.cpp">
      <Filter>Source Files</Filter>
    </ClCompile>
    <ClCompile Include="src\analyzer\Semantic\Symbol_Table\type.cpp">
      <Filter>Source Files</Filter>
    </ClCompile>
    <ClCompile Include="src\analyzer\main.cpp">
      <Filter>Source Files</Filter>
    </ClCompile>
    <ClCompile Include="src\analyzer\Semantic\expression\semantic_analyzer_exp.cpp">
      <Filter>Source Files</Filter>
    </ClCompile>
    <ClCompile Include="src\analyzer\Semantic\semantic_analyzer.cpp">
      <Filter>Source Files</Filter>
    </ClCompile>
    <ClCompile Include="src\analyzer\Syntax_Parser\Syntax_Parser.cpp">
      <Filter>Source Files</Filter>
    </ClCompile>
    <ClCompile Include="src\analyzer\Syntax_Parser\syntax_tree_handler_decl.cpp">
      <Filter>Source Files</Filter>
    </ClCompile>
    <ClCompile Include="src\analyzer\Semantic\semantic_analyzer_stmt.cpp">
      <Filter>Source Files</Filter>
    </ClCompile>
    <ClCompile Include="src\analyzer\Semantic\Symbol_Table\scope.cpp">
      <Filter>Source Files</Filter>
    </ClCompile>
    <ClCompile Include="src\analyzer\Semantic\expression\semantic_analyzer_exp_logic.cpp">
      <Filter>Source Files</Filter>
    </ClCompile>
    <ClCompile Include="src\analyzer\Syntax_Parser\syntax_tree_handler_exp.cpp">
      <Filter>Source Files</Filter>
    </ClCompile>
    <ClCompile Include="src\analyzer\Syntax_Parser\syntax_tree_handler_stmt.cpp">
      <Filter>Source Files</Filter>
    </ClCompile>
    <ClCompile Include="src\analyzer\Syntax_Parser\syntax_tree_builder.cpp">
      <Filter>Source Files</Filter>
    </ClCompile>
    <ClCompile Include="src\analyzer\Syntax_Parser\syntax_tree_handler.cpp">
      <Filter>Source Files</Filter>
    </ClCompile>
  </ItemGroup>
</Project>